
Microsoft Visual Studio Solution File, Format Version 12.00
# Visual Studio Version 17
VisualStudioVersion = 17.9.34622.214
MinimumVisualStudioVersion = 10.0.40219.1
Project("{FAE04EC0-301F-11D3-BF4B-00C04F79EFBC}") = "Namespace-Dll-Static", "Namespace-Dll-Static\Namespace-Dll-Static.csproj", "{D9D46F4E-1CA3-4C93-9DAA-7E7325868115}"
EndProject
Project("{FAE04EC0-301F-11D3-BF4B-00C04F79EFBC}") = "Services", "Services\Services.csproj", "{6350EF78-858E-4885-B07E-2F5A907B6483}"
EndProject
Global
	GlobalSection(SolutionConfigurationPlatforms) = preSolution
		Debug|Any CPU = Debug|Any CPU
		Release|Any CPU = Release|Any CPU
	EndGlobalSection
	GlobalSection(ProjectConfigurationPlatforms) = postSolution
		{D9D46F4E-1CA3-4C93-9DAA-7E7325868115}.Debug|Any CPU.ActiveCfg = Debug|Any CPU
		{D9D46F4E-1CA3-4C93-9DAA-7E7325868115}.Debug|Any CPU.Build.0 = Debug|Any CPU
		{D9D46F4E-1CA3-4C93-9DAA-7E7325868115}.Release|Any CPU.ActiveCfg = Release|Any CPU
		{D9D46F4E-1CA3-4C93-9DAA-7E7325868115}.Release|Any CPU.Build.0 = Release|Any CPU
		{6350EF78-858E-4885-B07E-2F5A907B6483}.Debug|Any CPU.ActiveCfg = Debug|Any CPU
		{6350EF78-858E-4885-B07E-2F5A907B6483}.Debug|Any CPU.Build.0 = Debug|Any CPU
		{6350EF78-858E-4885-B07E-2F5A907B6483}.Release|Any CPU.ActiveCfg = Release|Any CPU
		{6350EF78-858E-4885-B07E-2F5A907B6483}.Release|Any CPU.Build.0 = Release|Any CPU
	EndGlobalSection
	GlobalSection(SolutionProperties) = preSolution
		HideSolutionNode = FALSE
	EndGlobalSection
	GlobalSection(ExtensibilityGlobals) = postSolution
		SolutionGuid = {B91A7B4B-DA32-48E3-992C-065347453F94}
	EndGlobalSection
EndGlobal
